
Microsoft Visual Studio Solution File, Format Version 12.00
# Visual Studio Version 17
VisualStudioVersion = 17.13.35828.75
MinimumVisualStudioVersion = 10.0.40219.1
Project("{FAE04EC0-301F-11D3-BF4B-00C04F79EFBC}") = "Orbis", "Orbis\Orbis.csproj", "{C9CABF6E-B318-44F2-8189-6E6B384C26EA}"
	ProjectSection(ProjectDependencies) = postProject
		{050E3368-268C-4A52-BE1D-42D11A64224F} = {050E3368-268C-4A52-BE1D-42D11A64224F}
		{17FC8569-5AD8-40B9-8804-39ED84B5D1AD} = {17FC8569-5AD8-40B9-8804-39ED84B5D1AD}
		{2A035F21-9E90-48E8-B516-69A0D1CEA547} = {2A035F21-9E90-48E8-B516-69A0D1CEA547}
	EndProjectSection
EndProject
Project("{FAE04EC0-301F-11D3-BF4B-00C04F79EFBC}") = "Orbis.Infrastructure", "Orbis.Infrastructure\Orbis.Infrastructure.csproj", "{050E3368-268C-4A52-BE1D-42D11A64224F}"
	ProjectSection(ProjectDependencies) = postProject
		{93B3639E-B650-4B97-909F-4F4332548CF4} = {93B3639E-B650-4B97-909F-4F4332548CF4}
	EndProjectSection
EndProject
Project("{FAE04EC0-301F-11D3-BF4B-00C04F79EFBC}") = "Orbis.Domain", "Orbis.Domain\Orbis.Domain.csproj", "{93B3639E-B650-4B97-909F-4F4332548CF4}"
EndProject
Project("{FAE04EC0-301F-11D3-BF4B-00C04F79EFBC}") = "Orbis.Application", "Orbis.Application\Orbis.Application.csproj", "{2A035F21-9E90-48E8-B516-69A0D1CEA547}"
	ProjectSection(ProjectDependencies) = postProject
		{050E3368-268C-4A52-BE1D-42D11A64224F} = {050E3368-268C-4A52-BE1D-42D11A64224F}
		{93B3639E-B650-4B97-909F-4F4332548CF4} = {93B3639E-B650-4B97-909F-4F4332548CF4}
	EndProjectSection
EndProject
Project("{FAE04EC0-301F-11D3-BF4B-00C04F79EFBC}") = "Orbis.Mensageria", "Orbis.Mensageria\Orbis.Mensageria.csproj", "{17FC8569-5AD8-40B9-8804-39ED84B5D1AD}"
	ProjectSection(ProjectDependencies) = postProject
		{050E3368-268C-4A52-BE1D-42D11A64224F} = {050E3368-268C-4A52-BE1D-42D11A64224F}
		{2A035F21-9E90-48E8-B516-69A0D1CEA547} = {2A035F21-9E90-48E8-B516-69A0D1CEA547}
		{93B3639E-B650-4B97-909F-4F4332548CF4} = {93B3639E-B650-4B97-909F-4F4332548CF4}
	EndProjectSection
EndProject
Global
	GlobalSection(SolutionConfigurationPlatforms) = preSolution
		Debug|Any CPU = Debug|Any CPU
		Release|Any CPU = Release|Any CPU
	EndGlobalSection
	GlobalSection(ProjectConfigurationPlatforms) = postSolution
		{C9CABF6E-B318-44F2-8189-6E6B384C26EA}.Debug|Any CPU.ActiveCfg = Debug|Any CPU
		{C9CABF6E-B318-44F2-8189-6E6B384C26EA}.Debug|Any CPU.Build.0 = Debug|Any CPU
		{C9CABF6E-B318-44F2-8189-6E6B384C26EA}.Release|Any CPU.ActiveCfg = Release|Any CPU
		{C9CABF6E-B318-44F2-8189-6E6B384C26EA}.Release|Any CPU.Build.0 = Release|Any CPU
		{050E3368-268C-4A52-BE1D-42D11A64224F}.Debug|Any CPU.ActiveCfg = Debug|Any CPU
		{050E3368-268C-4A52-BE1D-42D11A64224F}.Debug|Any CPU.Build.0 = Debug|Any CPU
		{050E3368-268C-4A52-BE1D-42D11A64224F}.Release|Any CPU.ActiveCfg = Release|Any CPU
		{050E3368-268C-4A52-BE1D-42D11A64224F}.Release|Any CPU.Build.0 = Release|Any CPU
		{93B3639E-B650-4B97-909F-4F4332548CF4}.Debug|Any CPU.ActiveCfg = Debug|Any CPU
		{93B3639E-B650-4B97-909F-4F4332548CF4}.Debug|Any CPU.Build.0 = Debug|Any CPU
		{93B3639E-B650-4B97-909F-4F4332548CF4}.Release|Any CPU.ActiveCfg = Release|Any CPU
		{93B3639E-B650-4B97-909F-4F4332548CF4}.Release|Any CPU.Build.0 = Release|Any CPU
		{2A035F21-9E90-48E8-B516-69A0D1CEA547}.Debug|Any CPU.ActiveCfg = Debug|Any CPU
		{2A035F21-9E90-48E8-B516-69A0D1CEA547}.Debug|Any CPU.Build.0 = Debug|Any CPU
		{2A035F21-9E90-48E8-B516-69A0D1CEA547}.Release|Any CPU.ActiveCfg = Release|Any CPU
		{2A035F21-9E90-48E8-B516-69A0D1CEA547}.Release|Any CPU.Build.0 = Release|Any CPU
		{17FC8569-5AD8-40B9-8804-39ED84B5D1AD}.Debug|Any CPU.ActiveCfg = Debug|Any CPU
		{17FC8569-5AD8-40B9-8804-39ED84B5D1AD}.Debug|Any CPU.Build.0 = Debug|Any CPU
		{17FC8569-5AD8-40B9-8804-39ED84B5D1AD}.Release|Any CPU.ActiveCfg = Release|Any CPU
		{17FC8569-5AD8-40B9-8804-39ED84B5D1AD}.Release|Any CPU.Build.0 = Release|Any CPU
	EndGlobalSection
	GlobalSection(SolutionProperties) = preSolution
		HideSolutionNode = FALSE
	EndGlobalSection
	GlobalSection(ExtensibilityGlobals) = postSolution
		SolutionGuid = {27A6127A-73B2-44D2-82CC-E7343CD08DBE}
	EndGlobalSection
EndGlobal
